
Microsoft Visual Studio Solution File, Format Version 12.00
# Visual Studio Version 17
VisualStudioVersion = 17.0.31903.59
MinimumVisualStudioVersion = 10.0.40219.1
Project("{FAE04EC0-301F-11D3-BF4B-00C04F79EFBC}") = "SamorodinkaTech.GravityDiagram.Core", "SamorodinkaTech.GravityDiagram.Core\SamorodinkaTech.GravityDiagram.Core.csproj", "{87DEB5AD-DCD9-431E-AD38-19A9BAC9509E}"
EndProject
Project("{FAE04EC0-301F-11D3-BF4B-00C04F79EFBC}") = "SamorodinkaTech.GravityDiagram.Demo", "SamorodinkaTech.GravityDiagram.Demo\SamorodinkaTech.GravityDiagram.Demo.csproj", "{7F3C5607-E1C0-4F4F-A943-47971C5FFB7F}"
EndProject
Project("{FAE04EC0-301F-11D3-BF4B-00C04F79EFBC}") = "SamorodinkaTech.GravityDiagram.Core.Tests", "SamorodinkaTech.GravityDiagram.Core.Tests\SamorodinkaTech.GravityDiagram.Core.Tests.csproj", "{77406E52-9752-4ECD-B9D0-9DB7E93AC4AE}"
EndProject
Global
	GlobalSection(SolutionConfigurationPlatforms) = preSolution
		Debug|Any CPU = Debug|Any CPU
		Debug|x64 = Debug|x64
		Debug|x86 = Debug|x86
		Release|Any CPU = Release|Any CPU
		Release|x64 = Release|x64
		Release|x86 = Release|x86
	EndGlobalSection
	GlobalSection(ProjectConfigurationPlatforms) = postSolution
		{87DEB5AD-DCD9-431E-AD38-19A9BAC9509E}.Debug|Any CPU.ActiveCfg = Debug|Any CPU
		{87DEB5AD-DCD9-431E-AD38-19A9BAC9509E}.Debug|Any CPU.Build.0 = Debug|Any CPU
		{87DEB5AD-DCD9-431E-AD38-19A9BAC9509E}.Debug|x64.ActiveCfg = Debug|Any CPU
		{87DEB5AD-DCD9-431E-AD38-19A9BAC9509E}.Debug|x64.Build.0 = Debug|Any CPU
		{87DEB5AD-DCD9-431E-AD38-19A9BAC9509E}.Debug|x86.ActiveCfg = Debug|Any CPU
		{87DEB5AD-DCD9-431E-AD38-19A9BAC9509E}.Debug|x86.Build.0 = Debug|Any CPU
		{87DEB5AD-DCD9-431E-AD38-19A9BAC9509E}.Release|Any CPU.ActiveCfg = Release|Any CPU
		{87DEB5AD-DCD9-431E-AD38-19A9BAC9509E}.Release|Any CPU.Build.0 = Release|Any CPU
		{87DEB5AD-DCD9-431E-AD38-19A9BAC9509E}.Release|x64.ActiveCfg = Release|Any CPU
		{87DEB5AD-DCD9-431E-AD38-19A9BAC9509E}.Release|x64.Build.0 = Release|Any CPU
		{87DEB5AD-DCD9-431E-AD38-19A9BAC9509E}.Release|x86.ActiveCfg = Release|Any CPU
		{87DEB5AD-DCD9-431E-AD38-19A9BAC9509E}.Release|x86.Build.0 = Release|Any CPU
		{7F3C5607-E1C0-4F4F-A943-47971C5FFB7F}.Debug|Any CPU.ActiveCfg = Debug|Any CPU
		{7F3C5607-E1C0-4F4F-A943-47971C5FFB7F}.Debug|Any CPU.Build.0 = Debug|Any CPU
		{7F3C5607-E1C0-4F4F-A943-47971C5FFB7F}.Debug|x64.ActiveCfg = Debug|Any CPU
		{7F3C5607-E1C0-4F4F-A943-47971C5FFB7F}.Debug|x64.Build.0 = Debug|Any CPU
		{7F3C5607-E1C0-4F4F-A943-47971C5FFB7F}.Debug|x86.ActiveCfg = Debug|Any CPU
		{7F3C5607-E1C0-4F4F-A943-47971C5FFB7F}.Debug|x86.Build.0 = Debug|Any CPU
		{7F3C5607-E1C0-4F4F-A943-47971C5FFB7F}.Release|Any CPU.ActiveCfg = Release|Any CPU
		{7F3C5607-E1C0-4F4F-A943-47971C5FFB7F}.Release|Any CPU.Build.0 = Release|Any CPU
		{7F3C5607-E1C0-4F4F-A943-47971C5FFB7F}.Release|x64.ActiveCfg = Release|Any CPU
		{7F3C5607-E1C0-4F4F-A943-47971C5FFB7F}.Release|x64.Build.0 = Release|Any CPU
		{7F3C5607-E1C0-4F4F-A943-47971C5FFB7F}.Release|x86.ActiveCfg = Release|Any CPU
		{7F3C5607-E1C0-4F4F-A943-47971C5FFB7F}.Release|x86.Build.0 = Release|Any CPU
		{77406E52-9752-4ECD-B9D0-9DB7E93AC4AE}.Debug|Any CPU.ActiveCfg = Debug|Any CPU
		{77406E52-9752-4ECD-B9D0-9DB7E93AC4AE}.Debug|Any CPU.Build.0 = Debug|Any CPU
		{77406E52-9752-4ECD-B9D0-9DB7E93AC4AE}.Debug|x64.ActiveCfg = Debug|Any CPU
		{77406E52-9752-4ECD-B9D0-9DB7E93AC4AE}.Debug|x64.Build.0 = Debug|Any CPU
		{77406E52-9752-4ECD-B9D0-9DB7E93AC4AE}.Debug|x86.ActiveCfg = Debug|Any CPU
		{77406E52-9752-4ECD-B9D0-9DB7E93AC4AE}.Debug|x86.Build.0 = Debug|Any CPU
		{77406E52-9752-4ECD-B9D0-9DB7E93AC4AE}.Release|Any CPU.ActiveCfg = Release|Any CPU
		{77406E52-9752-4ECD-B9D0-9DB7E93AC4AE}.Release|Any CPU.Build.0 = Release|Any CPU
		{77406E52-9752-4ECD-B9D0-9DB7E93AC4AE}.Release|x64.ActiveCfg = Release|Any CPU
		{77406E52-9752-4ECD-B9D0-9DB7E93AC4AE}.Release|x64.Build.0 = Release|Any CPU
		{77406E52-9752-4ECD-B9D0-9DB7E93AC4AE}.Release|x86.ActiveCfg = Release|Any CPU
		{77406E52-9752-4ECD-B9D0-9DB7E93AC4AE}.Release|x86.Build.0 = Release|Any CPU
	EndGlobalSection
	GlobalSection(SolutionProperties) = preSolution
		HideSolutionNode = FALSE
	EndGlobalSection
EndGlobal
